
Microsoft Visual Studio Solution File, Format Version 11.00
# Visual Studio 2010
Project("{FAE04EC0-301F-11D3-BF4B-00C04F79EFBC}") = "Assembly-CSharp", "Assembly-CSharp.csproj", "{cf1993f1-42fc-7ed6-7960-3c4c5e5a15ac}"
EndProject
Global
	GlobalSection(SolutionConfigurationPlatforms) = preSolution
		Debug|Any CPU = Debug|Any CPU
		Release|Any CPU = Release|Any CPU
	EndGlobalSection
	GlobalSection(ProjectConfigurationPlatforms) = postSolution
		{cf1993f1-42fc-7ed6-7960-3c4c5e5a15ac}.Debug|Any CPU.ActiveCfg = Debug|Any CPU
		{cf1993f1-42fc-7ed6-7960-3c4c5e5a15ac}.Debug|Any CPU.Build.0 = Debug|Any CPU
		{cf1993f1-42fc-7ed6-7960-3c4c5e5a15ac}.Release|Any CPU.ActiveCfg = Release|Any CPU
		{cf1993f1-42fc-7ed6-7960-3c4c5e5a15ac}.Release|Any CPU.Build.0 = Release|Any CPU
	EndGlobalSection
	GlobalSection(SolutionProperties) = preSolution
		HideSolutionNode = FALSE
	EndGlobalSection
EndGlobal
